
Microsoft Visual Studio Solution File, Format Version 12.00
# Visual Studio Version 17
VisualStudioVersion = 17.5.002.0
MinimumVisualStudioVersion = 10.0.40219.1
Project("{9A19103F-16F7-4668-BE54-9A1E7A4F7556}") = "minhoca", "minhoca\minhoca.csproj", "{4AC5B09F-B6EC-437E-97DB-EE55BC711279}"
EndProject
Global
	GlobalSection(SolutionConfigurationPlatforms) = preSolution
		Debug|Any CPU = Debug|Any CPU
		Release|Any CPU = Release|Any CPU
	EndGlobalSection
	GlobalSection(ProjectConfigurationPlatforms) = postSolution
		{4AC5B09F-B6EC-437E-97DB-EE55BC711279}.Debug|Any CPU.ActiveCfg = Debug|Any CPU
		{4AC5B09F-B6EC-437E-97DB-EE55BC711279}.Debug|Any CPU.Build.0 = Debug|Any CPU
		{4AC5B09F-B6EC-437E-97DB-EE55BC711279}.Release|Any CPU.ActiveCfg = Release|Any CPU
		{4AC5B09F-B6EC-437E-97DB-EE55BC711279}.Release|Any CPU.Build.0 = Release|Any CPU
	EndGlobalSection
	GlobalSection(SolutionProperties) = preSolution
		HideSolutionNode = FALSE
	EndGlobalSection
	GlobalSection(ExtensibilityGlobals) = postSolution
		SolutionGuid = {69D9075F-088C-4193-8E78-EBADBA4DDA9F}
	EndGlobalSection
EndGlobal
